// !$*UTF8*$!
{
	archiveVersion = 1;
	classes = {
	};
	objectVersion = 50;
	objects = {

/* Begin PBXFileReference section */
		2A0141D4224DBBB8009B5745 /* SMBus-smart-Battery-Read-0-1 */ = {isa = PBXFileReference; lastKnownFileType = folder; path = "SMBus-smart-Battery-Read-0-1"; sourceTree = "<group>"; };
		2A0141D522501BDD009B5745 /* ExtractSMBUSfromCSV.py */ = {isa = PBXFileReference; lastKnownFileType = text.script.python; path = ExtractSMBUSfromCSV.py; sourceTree = "<group>"; };
/* End PBXFileReference section */

/* Begin PBXGroup section */
		2A0141CD224DBB77009B5745 = {
			isa = PBXGroup;
			children = (
				2A0141D522501BDD009B5745 /* ExtractSMBUSfromCSV.py */,
				2A0141D4224DBBB8009B5745 /* SMBus-smart-Battery-Read-0-1 */,
			);
			sourceTree = "<group>";
		};
/* End PBXGroup section */

/* Begin PBXProject section */
		2A0141CE224DBB77009B5745 /* Project object */ = {
			isa = PBXProject;
			attributes = {
				LastUpgradeCheck = 1000;
			};
			buildConfigurationList = 2A0141D1224DBB77009B5745 /* Build configuration list for PBXProject "Arduino-Smbus-SmartBattery" */;
			compatibilityVersion = "Xcode 9.3";
			developmentRegion = en;
			hasScannedForEncodings = 0;
			knownRegions = (
				en,
			);
			mainGroup = 2A0141CD224DBB77009B5745;
			projectDirPath = "";
			projectRoot = "";
			targets = (
			);
		};
/* End PBXProject section */

/* Begin XCBuildConfiguration section */
		2A0141D2224DBB77009B5745 /* Debug */ = {
			isa = XCBuildConfiguration;
			buildSettings = {
			};
			name = Debug;
		};
		2A0141D3224DBB77009B5745 /* Release */ = {
			isa = XCBuildConfiguration;
			buildSettings = {
			};
			name = Release;
		};
/* End XCBuildConfiguration section */

/* Begin XCConfigurationList section */
		2A0141D1224DBB77009B5745 /* Build configuration list for PBXProject "Arduino-Smbus-SmartBattery" */ = {
			isa = XCConfigurationList;
			buildConfigurations = (
				2A0141D2224DBB77009B5745 /* Debug */,
				2A0141D3224DBB77009B5745 /* Release */,
			);
			defaultConfigurationIsVisible = 0;
			defaultConfigurationName = Release;
		};
/* End XCConfigurationList section */
	};
	rootObject = 2A0141CE224DBB77009B5745 /* Project object */;
}
